
Microsoft Visual Studio Solution File, Format Version 12.00
# Visual Studio 2012
Project("{FAE04EC0-301F-11D3-BF4B-00C04F79EFBC}") = "OOP", "OOP\OOP.csproj", "{1184766B-D49A-4CF7-B093-B8985078D292}"
EndProject
Global
	GlobalSection(SolutionConfigurationPlatforms) = preSolution
		Debug|Any CPU = Debug|Any CPU
		Release|Any CPU = Release|Any CPU
	EndGlobalSection
	GlobalSection(ProjectConfigurationPlatforms) = postSolution
		{1184766B-D49A-4CF7-B093-B8985078D292}.Debug|Any CPU.ActiveCfg = Debug|Any CPU
		{1184766B-D49A-4CF7-B093-B8985078D292}.Debug|Any CPU.Build.0 = Debug|Any CPU
		{1184766B-D49A-4CF7-B093-B8985078D292}.Release|Any CPU.ActiveCfg = Release|Any CPU
		{1184766B-D49A-4CF7-B093-B8985078D292}.Release|Any CPU.Build.0 = Release|Any CPU
	EndGlobalSection
	GlobalSection(SolutionProperties) = preSolution
		HideSolutionNode = FALSE
	EndGlobalSection
EndGlobal
